
Microsoft Visual Studio Solution File, Format Version 12.00
# Visual Studio Version 17
VisualStudioVersion = 17.3.32922.545
MinimumVisualStudioVersion = 10.0.40219.1
Project("{FAE04EC0-301F-11D3-BF4B-00C04F79EFBC}") = "calcaltor project", "calcaltor project\calcaltor project.csproj", "{0CA22726-6445-4D3E-AEBE-1DC258C33985}"
EndProject
Project("{54435603-DBB4-11D2-8724-00A0C9A8B90C}") = "Setup Calculator", "Setup Calculator\Setup Calculator.vdproj", "{F9E0DA35-386D-4776-B3ED-61D6C59FD56C}"
EndProject
Global
	GlobalSection(SolutionConfigurationPlatforms) = preSolution
		Debug|Any CPU = Debug|Any CPU
		Release|Any CPU = Release|Any CPU
	EndGlobalSection
	GlobalSection(ProjectConfigurationPlatforms) = postSolution
		{0CA22726-6445-4D3E-AEBE-1DC258C33985}.Debug|Any CPU.ActiveCfg = Debug|Any CPU
		{0CA22726-6445-4D3E-AEBE-1DC258C33985}.Debug|Any CPU.Build.0 = Debug|Any CPU
		{0CA22726-6445-4D3E-AEBE-1DC258C33985}.Release|Any CPU.ActiveCfg = Release|Any CPU
		{0CA22726-6445-4D3E-AEBE-1DC258C33985}.Release|Any CPU.Build.0 = Release|Any CPU
		{F9E0DA35-386D-4776-B3ED-61D6C59FD56C}.Debug|Any CPU.ActiveCfg = Debug
		{F9E0DA35-386D-4776-B3ED-61D6C59FD56C}.Release|Any CPU.ActiveCfg = Release
	EndGlobalSection
	GlobalSection(SolutionProperties) = preSolution
		HideSolutionNode = FALSE
	EndGlobalSection
	GlobalSection(ExtensibilityGlobals) = postSolution
		SolutionGuid = {3698244F-DD51-4E8F-82DD-FB6A15DF706A}
	EndGlobalSection
EndGlobal
